// !$*UTF8*$!
{
	archiveVersion = 1;
	classes = {
	};
	objectVersion = 56;
	objects = {

/* Begin PBXBuildFile section */
		C232033A2B6EA03100645D8F /* BreedListFeature.swift in Sources */ = {isa = PBXBuildFile; fileRef = C23203392B6EA03100645D8F /* BreedListFeature.swift */; };
		C232033F2B6EB13800645D8F /* Breed.swift in Sources */ = {isa = PBXBuildFile; fileRef = C232033E2B6EB13800645D8F /* Breed.swift */; };
		C232034A2B6EE50400645D8F /* BreedSearchFeature.swift in Sources */ = {isa = PBXBuildFile; fileRef = C23203492B6EE50400645D8F /* BreedSearchFeature.swift */; };
		C232034C2B6EE51B00645D8F /* TabBreedFeature.swift in Sources */ = {isa = PBXBuildFile; fileRef = C232034B2B6EE51B00645D8F /* TabBreedFeature.swift */; };
		C232034E2B6EE52700645D8F /* TabBreedView.swift in Sources */ = {isa = PBXBuildFile; fileRef = C232034D2B6EE52700645D8F /* TabBreedView.swift */; };
		C23203502B6EE53500645D8F /* BreedSearchView.swift in Sources */ = {isa = PBXBuildFile; fileRef = C232034F2B6EE53500645D8F /* BreedSearchView.swift */; };
		C295BFE62B6EF5BE00154169 /* BreedListView.swift in Sources */ = {isa = PBXBuildFile; fileRef = C295BFE52B6EF5BE00154169 /* BreedListView.swift */; };
		C295BFF42B6FB82000154169 /* BreedDetailView.swift in Sources */ = {isa = PBXBuildFile; fileRef = C295BFF32B6FB82000154169 /* BreedDetailView.swift */; };
		C295BFF62B6FB82E00154169 /* BreedDetailFeature.swift in Sources */ = {isa = PBXBuildFile; fileRef = C295BFF52B6FB82E00154169 /* BreedDetailFeature.swift */; };
		C2C7B5292B6FEB340081AFE0 /* DogAPI.swift in Sources */ = {isa = PBXBuildFile; fileRef = C2C7B5282B6FEB340081AFE0 /* DogAPI.swift */; };
		C2C7B52E2B6FFB370081AFE0 /* DataLoadingStatus.swift in Sources */ = {isa = PBXBuildFile; fileRef = C2C7B52D2B6FFB370081AFE0 /* DataLoadingStatus.swift */; };
		C2C7B5372B7007500081AFE0 /* Database.swift in Sources */ = {isa = PBXBuildFile; fileRef = C2C7B5362B7007500081AFE0 /* Database.swift */; };
		C2C7B5392B70078A0081AFE0 /* BreedDatabase.swift in Sources */ = {isa = PBXBuildFile; fileRef = C2C7B5382B70078A0081AFE0 /* BreedDatabase.swift */; };
		C2D7A34C2B703C44001E2AC2 /* Kingfisher in Frameworks */ = {isa = PBXBuildFile; productRef = C2D7A34B2B703C44001E2AC2 /* Kingfisher */; };
		C2D7A34E2B703EBE001E2AC2 /* CachedImageView.swift in Sources */ = {isa = PBXBuildFile; fileRef = C2D7A34D2B703EBE001E2AC2 /* CachedImageView.swift */; };
		C2D7A3502B704248001E2AC2 /* BreedListFeatureTests.swift in Sources */ = {isa = PBXBuildFile; fileRef = C2D7A34F2B704248001E2AC2 /* BreedListFeatureTests.swift */; };
		C2D7A3522B704CCD001E2AC2 /* fetch.json in Resources */ = {isa = PBXBuildFile; fileRef = C2D7A3512B704CCD001E2AC2 /* fetch.json */; };
		C2D7A3542B70503E001E2AC2 /* fetch.json in Resources */ = {isa = PBXBuildFile; fileRef = C2D7A3512B704CCD001E2AC2 /* fetch.json */; };
		C2E137482B7194080019FECF /* FidoAppUITestsLaunchTests.swift in Sources */ = {isa = PBXBuildFile; fileRef = C2E137462B7194070019FECF /* FidoAppUITestsLaunchTests.swift */; };
		C2E137492B7194080019FECF /* FidoAppUITests.swift in Sources */ = {isa = PBXBuildFile; fileRef = C2E137472B7194080019FECF /* FidoAppUITests.swift */; };
		C2E1374B2B71A5890019FECF /* BreedSearchFeatureTests.swift in Sources */ = {isa = PBXBuildFile; fileRef = C2E1374A2B71A5890019FECF /* BreedSearchFeatureTests.swift */; };
		C2E8C7AE2B6E9251003DE1AE /* FidoAppApp.swift in Sources */ = {isa = PBXBuildFile; fileRef = C2E8C7AD2B6E9251003DE1AE /* FidoAppApp.swift */; };
		C2E8C7B22B6E9253003DE1AE /* Assets.xcassets in Resources */ = {isa = PBXBuildFile; fileRef = C2E8C7B12B6E9253003DE1AE /* Assets.xcassets */; };
		C2E8C7B52B6E9253003DE1AE /* Preview Assets.xcassets in Resources */ = {isa = PBXBuildFile; fileRef = C2E8C7B42B6E9253003DE1AE /* Preview Assets.xcassets */; };
		C2EA43BA2B6E9F3B00A5302A /* ComposableArchitecture in Frameworks */ = {isa = PBXBuildFile; productRef = C2EA43B92B6E9F3B00A5302A /* ComposableArchitecture */; };
/* End PBXBuildFile section */

/* Begin PBXContainerItemProxy section */
		C2E8C7BB2B6E9253003DE1AE /* PBXContainerItemProxy */ = {
			isa = PBXContainerItemProxy;
			containerPortal = C2E8C7A22B6E9251003DE1AE /* Project object */;
			proxyType = 1;
			remoteGlobalIDString = C2E8C7A92B6E9251003DE1AE;
			remoteInfo = FidoApp;
		};
		C2E8C7C52B6E9253003DE1AE /* PBXContainerItemProxy */ = {
			isa = PBXContainerItemProxy;
			containerPortal = C2E8C7A22B6E9251003DE1AE /* Project object */;
			proxyType = 1;
			remoteGlobalIDString = C2E8C7A92B6E9251003DE1AE;
			remoteInfo = FidoApp;
		};
/* End PBXContainerItemProxy section */

/* Begin PBXFileReference section */
		C23203392B6EA03100645D8F /* BreedListFeature.swift */ = {isa = PBXFileReference; lastKnownFileType = sourcecode.swift; path = BreedListFeature.swift; sourceTree = "<group>"; };
		C232033E2B6EB13800645D8F /* Breed.swift */ = {isa = PBXFileReference; lastKnownFileType = sourcecode.swift; path = Breed.swift; sourceTree = "<group>"; };
		C23203492B6EE50400645D8F /* BreedSearchFeature.swift */ = {isa = PBXFileReference; lastKnownFileType = sourcecode.swift; path = BreedSearchFeature.swift; sourceTree = "<group>"; };
		C232034B2B6EE51B00645D8F /* TabBreedFeature.swift */ = {isa = PBXFileReference; lastKnownFileType = sourcecode.swift; path = TabBreedFeature.swift; sourceTree = "<group>"; };
		C232034D2B6EE52700645D8F /* TabBreedView.swift */ = {isa = PBXFileReference; lastKnownFileType = sourcecode.swift; path = TabBreedView.swift; sourceTree = "<group>"; };
		C232034F2B6EE53500645D8F /* BreedSearchView.swift */ = {isa = PBXFileReference; lastKnownFileType = sourcecode.swift; path = BreedSearchView.swift; sourceTree = "<group>"; };
		C295BFE52B6EF5BE00154169 /* BreedListView.swift */ = {isa = PBXFileReference; fileEncoding = 4; lastKnownFileType = sourcecode.swift; path = BreedListView.swift; sourceTree = "<group>"; };
		C295BFF32B6FB82000154169 /* BreedDetailView.swift */ = {isa = PBXFileReference; lastKnownFileType = sourcecode.swift; path = BreedDetailView.swift; sourceTree = "<group>"; };
		C295BFF52B6FB82E00154169 /* BreedDetailFeature.swift */ = {isa = PBXFileReference; lastKnownFileType = sourcecode.swift; path = BreedDetailFeature.swift; sourceTree = "<group>"; };
		C2C7B5282B6FEB340081AFE0 /* DogAPI.swift */ = {isa = PBXFileReference; lastKnownFileType = sourcecode.swift; path = DogAPI.swift; sourceTree = "<group>"; };
		C2C7B52D2B6FFB370081AFE0 /* DataLoadingStatus.swift */ = {isa = PBXFileReference; lastKnownFileType = sourcecode.swift; path = DataLoadingStatus.swift; sourceTree = "<group>"; };
		C2C7B5362B7007500081AFE0 /* Database.swift */ = {isa = PBXFileReference; lastKnownFileType = sourcecode.swift; path = Database.swift; sourceTree = "<group>"; };
		C2C7B5382B70078A0081AFE0 /* BreedDatabase.swift */ = {isa = PBXFileReference; lastKnownFileType = sourcecode.swift; path = BreedDatabase.swift; sourceTree = "<group>"; };
		C2D7A34D2B703EBE001E2AC2 /* CachedImageView.swift */ = {isa = PBXFileReference; lastKnownFileType = sourcecode.swift; path = CachedImageView.swift; sourceTree = "<group>"; };
		C2D7A34F2B704248001E2AC2 /* BreedListFeatureTests.swift */ = {isa = PBXFileReference; lastKnownFileType = sourcecode.swift; path = BreedListFeatureTests.swift; sourceTree = "<group>"; };
		C2D7A3512B704CCD001E2AC2 /* fetch.json */ = {isa = PBXFileReference; lastKnownFileType = text.json; path = fetch.json; sourceTree = "<group>"; };
		C2E137462B7194070019FECF /* FidoAppUITestsLaunchTests.swift */ = {isa = PBXFileReference; fileEncoding = 4; lastKnownFileType = sourcecode.swift; path = FidoAppUITestsLaunchTests.swift; sourceTree = "<group>"; };
		C2E137472B7194080019FECF /* FidoAppUITests.swift */ = {isa = PBXFileReference; fileEncoding = 4; lastKnownFileType = sourcecode.swift; path = FidoAppUITests.swift; sourceTree = "<group>"; };
		C2E1374A2B71A5890019FECF /* BreedSearchFeatureTests.swift */ = {isa = PBXFileReference; lastKnownFileType = sourcecode.swift; path = BreedSearchFeatureTests.swift; sourceTree = "<group>"; };
		C2E8C7AA2B6E9251003DE1AE /* FidoApp.app */ = {isa = PBXFileReference; explicitFileType = wrapper.application; includeInIndex = 0; path = FidoApp.app; sourceTree = BUILT_PRODUCTS_DIR; };
		C2E8C7AD2B6E9251003DE1AE /* FidoAppApp.swift */ = {isa = PBXFileReference; lastKnownFileType = sourcecode.swift; path = FidoAppApp.swift; sourceTree = "<group>"; };
		C2E8C7B12B6E9253003DE1AE /* Assets.xcassets */ = {isa = PBXFileReference; lastKnownFileType = folder.assetcatalog; path = Assets.xcassets; sourceTree = "<group>"; };
		C2E8C7B42B6E9253003DE1AE /* Preview Assets.xcassets */ = {isa = PBXFileReference; lastKnownFileType = folder.assetcatalog; path = "Preview Assets.xcassets"; sourceTree = "<group>"; };
		C2E8C7BA2B6E9253003DE1AE /* FidoAppTests.xctest */ = {isa = PBXFileReference; explicitFileType = wrapper.cfbundle; includeInIndex = 0; path = FidoAppTests.xctest; sourceTree = BUILT_PRODUCTS_DIR; };
		C2E8C7C42B6E9253003DE1AE /* FidoAppUITests.xctest */ = {isa = PBXFileReference; explicitFileType = wrapper.cfbundle; includeInIndex = 0; path = FidoAppUITests.xctest; sourceTree = BUILT_PRODUCTS_DIR; };
/* End PBXFileReference section */

/* Begin PBXFrameworksBuildPhase section */
		C2E8C7A72B6E9251003DE1AE /* Frameworks */ = {
			isa = PBXFrameworksBuildPhase;
			buildActionMask = 2147483647;
			files = (
				C2D7A34C2B703C44001E2AC2 /* Kingfisher in Frameworks */,
				C2EA43BA2B6E9F3B00A5302A /* ComposableArchitecture in Frameworks */,
			);
			runOnlyForDeploymentPostprocessing = 0;
		};
		C2E8C7B72B6E9253003DE1AE /* Frameworks */ = {
			isa = PBXFrameworksBuildPhase;
			buildActionMask = 2147483647;
			files = (
			);
			runOnlyForDeploymentPostprocessing = 0;
		};
		C2E8C7C12B6E9253003DE1AE /* Frameworks */ = {
			isa = PBXFrameworksBuildPhase;
			buildActionMask = 2147483647;
			files = (
			);
			runOnlyForDeploymentPostprocessing = 0;
		};
/* End PBXFrameworksBuildPhase section */

/* Begin PBXGroup section */
		C23203382B6EA01600645D8F /* List */ = {
			isa = PBXGroup;
			children = (
				C295BFE52B6EF5BE00154169 /* BreedListView.swift */,
				C23203392B6EA03100645D8F /* BreedListFeature.swift */,
				C2D7A34D2B703EBE001E2AC2 /* CachedImageView.swift */,
			);
			path = List;
			sourceTree = "<group>";
		};
		C232033D2B6EB12300645D8F /* Models */ = {
			isa = PBXGroup;
			children = (
				C232033E2B6EB13800645D8F /* Breed.swift */,
			);
			path = Models;
			sourceTree = "<group>";
		};
		C23203472B6EE4A500645D8F /* Tab */ = {
			isa = PBXGroup;
			children = (
				C232034D2B6EE52700645D8F /* TabBreedView.swift */,
				C232034B2B6EE51B00645D8F /* TabBreedFeature.swift */,
			);
			path = Tab;
			sourceTree = "<group>";
		};
		C23203482B6EE4E900645D8F /* Search */ = {
			isa = PBXGroup;
			children = (
				C232034F2B6EE53500645D8F /* BreedSearchView.swift */,
				C23203492B6EE50400645D8F /* BreedSearchFeature.swift */,
			);
			path = Search;
			sourceTree = "<group>";
		};
		C295BFF22B6FB80900154169 /* Detail */ = {
			isa = PBXGroup;
			children = (
				C295BFF32B6FB82000154169 /* BreedDetailView.swift */,
				C295BFF52B6FB82E00154169 /* BreedDetailFeature.swift */,
			);
			path = Detail;
			sourceTree = "<group>";
		};
		C2C7B5252B6FE4130081AFE0 /* Network */ = {
			isa = PBXGroup;
			children = (
				C2C7B5282B6FEB340081AFE0 /* DogAPI.swift */,
				C2C7B52D2B6FFB370081AFE0 /* DataLoadingStatus.swift */,
			);
			path = Network;
			sourceTree = "<group>";
		};
		C2C7B5352B70073B0081AFE0 /* Database */ = {
			isa = PBXGroup;
			children = (
				C2C7B5362B7007500081AFE0 /* Database.swift */,
				C2C7B5382B70078A0081AFE0 /* BreedDatabase.swift */,
			);
			path = Database;
			sourceTree = "<group>";
		};
		C2E137412B7193C80019FECF /* FidoAppUITests */ = {
			isa = PBXGroup;
			children = (
				C2E137472B7194080019FECF /* FidoAppUITests.swift */,
				C2E137462B7194070019FECF /* FidoAppUITestsLaunchTests.swift */,
			);
			path = FidoAppUITests;
			sourceTree = "<group>";
		};
		C2E8C7A12B6E9251003DE1AE = {
			isa = PBXGroup;
			children = (
				C2E8C7AC2B6E9251003DE1AE /* FidoApp */,
				C2E8C7BD2B6E9253003DE1AE /* FidoAppTests */,
				C2E137412B7193C80019FECF /* FidoAppUITests */,
				C2E8C7AB2B6E9251003DE1AE /* Products */,
			);
			sourceTree = "<group>";
		};
		C2E8C7AB2B6E9251003DE1AE /* Products */ = {
			isa = PBXGroup;
			children = (
				C2E8C7AA2B6E9251003DE1AE /* FidoApp.app */,
				C2E8C7BA2B6E9253003DE1AE /* FidoAppTests.xctest */,
				C2E8C7C42B6E9253003DE1AE /* FidoAppUITests.xctest */,
			);
			name = Products;
			sourceTree = "<group>";
		};
		C2E8C7AC2B6E9251003DE1AE /* FidoApp */ = {
			isa = PBXGroup;
			children = (
				C2C7B5352B70073B0081AFE0 /* Database */,
				C2C7B5252B6FE4130081AFE0 /* Network */,
				C232033D2B6EB12300645D8F /* Models */,
				C23203472B6EE4A500645D8F /* Tab */,
				C23203482B6EE4E900645D8F /* Search */,
				C23203382B6EA01600645D8F /* List */,
				C295BFF22B6FB80900154169 /* Detail */,
				C2E8C7AD2B6E9251003DE1AE /* FidoAppApp.swift */,
				C2E8C7B12B6E9253003DE1AE /* Assets.xcassets */,
				C2E8C7B32B6E9253003DE1AE /* Preview Content */,
			);
			path = FidoApp;
			sourceTree = "<group>";
		};
		C2E8C7B32B6E9253003DE1AE /* Preview Content */ = {
			isa = PBXGroup;
			children = (
				C2E8C7B42B6E9253003DE1AE /* Preview Assets.xcassets */,
			);
			path = "Preview Content";
			sourceTree = "<group>";
		};
		C2E8C7BD2B6E9253003DE1AE /* FidoAppTests */ = {
			isa = PBXGroup;
			children = (
				C2D7A34F2B704248001E2AC2 /* BreedListFeatureTests.swift */,
				C2E1374A2B71A5890019FECF /* BreedSearchFeatureTests.swift */,
				C2D7A3512B704CCD001E2AC2 /* fetch.json */,
			);
			path = FidoAppTests;
			sourceTree = "<group>";
		};
/* End PBXGroup section */

/* Begin PBXNativeTarget section */
		C2E8C7A92B6E9251003DE1AE /* FidoApp */ = {
			isa = PBXNativeTarget;
			buildConfigurationList = C2E8C7CE2B6E9253003DE1AE /* Build configuration list for PBXNativeTarget "FidoApp" */;
			buildPhases = (
				C2E8C7A62B6E9251003DE1AE /* Sources */,
				C2E8C7A72B6E9251003DE1AE /* Frameworks */,
				C2E8C7A82B6E9251003DE1AE /* Resources */,
			);
			buildRules = (
			);
			dependencies = (
			);
			name = FidoApp;
			packageProductDependencies = (
				C2EA43B92B6E9F3B00A5302A /* ComposableArchitecture */,
				C2D7A34B2B703C44001E2AC2 /* Kingfisher */,
			);
			productName = FidoApp;
			productReference = C2E8C7AA2B6E9251003DE1AE /* FidoApp.app */;
			productType = "com.apple.product-type.application";
		};
		C2E8C7B92B6E9253003DE1AE /* FidoAppTests */ = {
			isa = PBXNativeTarget;
			buildConfigurationList = C2E8C7D12B6E9253003DE1AE /* Build configuration list for PBXNativeTarget "FidoAppTests" */;
			buildPhases = (
				C2E8C7B62B6E9253003DE1AE /* Sources */,
				C2E8C7B72B6E9253003DE1AE /* Frameworks */,
				C2E8C7B82B6E9253003DE1AE /* Resources */,
			);
			buildRules = (
			);
			dependencies = (
				C2E8C7BC2B6E9253003DE1AE /* PBXTargetDependency */,
			);
			name = FidoAppTests;
			productName = FidoAppTests;
			productReference = C2E8C7BA2B6E9253003DE1AE /* FidoAppTests.xctest */;
			productType = "com.apple.product-type.bundle.unit-test";
		};
		C2E8C7C32B6E9253003DE1AE /* FidoAppUITests */ = {
			isa = PBXNativeTarget;
			buildConfigurationList = C2E8C7D42B6E9253003DE1AE /* Build configuration list for PBXNativeTarget "FidoAppUITests" */;
			buildPhases = (
				C2E8C7C02B6E9253003DE1AE /* Sources */,
				C2E8C7C12B6E9253003DE1AE /* Frameworks */,
				C2E8C7C22B6E9253003DE1AE /* Resources */,
			);
			buildRules = (
			);
			dependencies = (
				C2E8C7C62B6E9253003DE1AE /* PBXTargetDependency */,
			);
			name = FidoAppUITests;
			productName = FidoAppUITests;
			productReference = C2E8C7C42B6E9253003DE1AE /* FidoAppUITests.xctest */;
			productType = "com.apple.product-type.bundle.ui-testing";
		};
/* End PBXNativeTarget section */

/* Begin PBXProject section */
		C2E8C7A22B6E9251003DE1AE /* Project object */ = {
			isa = PBXProject;
			attributes = {
				BuildIndependentTargetsInParallel = 1;
				LastSwiftUpdateCheck = 1520;
				LastUpgradeCheck = 1520;
				TargetAttributes = {
					C2E8C7A92B6E9251003DE1AE = {
						CreatedOnToolsVersion = 15.2;
					};
					C2E8C7B92B6E9253003DE1AE = {
						CreatedOnToolsVersion = 15.2;
						TestTargetID = C2E8C7A92B6E9251003DE1AE;
					};
					C2E8C7C32B6E9253003DE1AE = {
						CreatedOnToolsVersion = 15.2;
						LastSwiftMigration = 1520;
						TestTargetID = C2E8C7A92B6E9251003DE1AE;
					};
				};
			};
			buildConfigurationList = C2E8C7A52B6E9251003DE1AE /* Build configuration list for PBXProject "FidoApp" */;
			compatibilityVersion = "Xcode 14.0";
			developmentRegion = en;
			hasScannedForEncodings = 0;
			knownRegions = (
				en,
				Base,
			);
			mainGroup = C2E8C7A12B6E9251003DE1AE;
			packageReferences = (
				C2EA43B82B6E9F3B00A5302A /* XCRemoteSwiftPackageReference "swift-composable-architecture" */,
				C2D7A34A2B703C44001E2AC2 /* XCRemoteSwiftPackageReference "Kingfisher" */,
			);
			productRefGroup = C2E8C7AB2B6E9251003DE1AE /* Products */;
			projectDirPath = "";
			projectRoot = "";
			targets = (
				C2E8C7A92B6E9251003DE1AE /* FidoApp */,
				C2E8C7B92B6E9253003DE1AE /* FidoAppTests */,
				C2E8C7C32B6E9253003DE1AE /* FidoAppUITests */,
			);
		};
/* End PBXProject section */

/* Begin PBXResourcesBuildPhase section */
		C2E8C7A82B6E9251003DE1AE /* Resources */ = {
			isa = PBXResourcesBuildPhase;
			buildActionMask = 2147483647;
			files = (
				C2E8C7B52B6E9253003DE1AE /* Preview Assets.xcassets in Resources */,
				C2E8C7B22B6E9253003DE1AE /* Assets.xcassets in Resources */,
				C2D7A3542B70503E001E2AC2 /* fetch.json in Resources */,
			);
			runOnlyForDeploymentPostprocessing = 0;
		};
		C2E8C7B82B6E9253003DE1AE /* Resources */ = {
			isa = PBXResourcesBuildPhase;
			buildActionMask = 2147483647;
			files = (
				C2D7A3522B704CCD001E2AC2 /* fetch.json in Resources */,
			);
			runOnlyForDeploymentPostprocessing = 0;
		};
		C2E8C7C22B6E9253003DE1AE /* Resources */ = {
			isa = PBXResourcesBuildPhase;
			buildActionMask = 2147483647;
			files = (
			);
			runOnlyForDeploymentPostprocessing = 0;
		};
/* End PBXResourcesBuildPhase section */

/* Begin PBXSourcesBuildPhase section */
		C2E8C7A62B6E9251003DE1AE /* Sources */ = {
			isa = PBXSourcesBuildPhase;
			buildActionMask = 2147483647;
			files = (
				C232033A2B6EA03100645D8F /* BreedListFeature.swift in Sources */,
				C232034C2B6EE51B00645D8F /* TabBreedFeature.swift in Sources */,
				C2C7B5292B6FEB340081AFE0 /* DogAPI.swift in Sources */,
				C295BFF62B6FB82E00154169 /* BreedDetailFeature.swift in Sources */,
				C23203502B6EE53500645D8F /* BreedSearchView.swift in Sources */,
				C232033F2B6EB13800645D8F /* Breed.swift in Sources */,
				C232034E2B6EE52700645D8F /* TabBreedView.swift in Sources */,
				C2D7A34E2B703EBE001E2AC2 /* CachedImageView.swift in Sources */,
				C232034A2B6EE50400645D8F /* BreedSearchFeature.swift in Sources */,
				C2E8C7AE2B6E9251003DE1AE /* FidoAppApp.swift in Sources */,
				C2C7B5392B70078A0081AFE0 /* BreedDatabase.swift in Sources */,
				C295BFF42B6FB82000154169 /* BreedDetailView.swift in Sources */,
				C2C7B52E2B6FFB370081AFE0 /* DataLoadingStatus.swift in Sources */,
				C2C7B5372B7007500081AFE0 /* Database.swift in Sources */,
				C295BFE62B6EF5BE00154169 /* BreedListView.swift in Sources */,
			);
			runOnlyForDeploymentPostprocessing = 0;
		};
		C2E8C7B62B6E9253003DE1AE /* Sources */ = {
			isa = PBXSourcesBuildPhase;
			buildActionMask = 2147483647;
			files = (
				C2D7A3502B704248001E2AC2 /* BreedListFeatureTests.swift in Sources */,
				C2E1374B2B71A5890019FECF /* BreedSearchFeatureTests.swift in Sources */,
			);
			runOnlyForDeploymentPostprocessing = 0;
		};
		C2E8C7C02B6E9253003DE1AE /* Sources */ = {
			isa = PBXSourcesBuildPhase;
			buildActionMask = 2147483647;
			files = (
				C2E137482B7194080019FECF /* FidoAppUITestsLaunchTests.swift in Sources */,
				C2E137492B7194080019FECF /* FidoAppUITests.swift in Sources */,
			);
			runOnlyForDeploymentPostprocessing = 0;
		};
/* End PBXSourcesBuildPhase section */

/* Begin PBXTargetDependency section */
		C2E8C7BC2B6E9253003DE1AE /* PBXTargetDependency */ = {
			isa = PBXTargetDependency;
			target = C2E8C7A92B6E9251003DE1AE /* FidoApp */;
			targetProxy = C2E8C7BB2B6E9253003DE1AE /* PBXContainerItemProxy */;
		};
		C2E8C7C62B6E9253003DE1AE /* PBXTargetDependency */ = {
			isa = PBXTargetDependency;
			target = C2E8C7A92B6E9251003DE1AE /* FidoApp */;
			targetProxy = C2E8C7C52B6E9253003DE1AE /* PBXContainerItemProxy */;
		};
/* End PBXTargetDependency section */

/* Begin XCBuildConfiguration section */
		C2E8C7CC2B6E9253003DE1AE /* Debug */ = {
			isa = XCBuildConfiguration;
			buildSettings = {
				ALWAYS_SEARCH_USER_PATHS = NO;
				ASSETCATALOG_COMPILER_GENERATE_SWIFT_ASSET_SYMBOL_EXTENSIONS = YES;
				CLANG_ANALYZER_NONNULL = YES;
				CLANG_ANALYZER_NUMBER_OBJECT_CONVERSION = YES_AGGRESSIVE;
				CLANG_CXX_LANGUAGE_STANDARD = "gnu++20";
				CLANG_ENABLE_MODULES = YES;
				CLANG_ENABLE_OBJC_ARC = YES;
				CLANG_ENABLE_OBJC_WEAK = YES;
				CLANG_WARN_BLOCK_CAPTURE_AUTORELEASING = YES;
				CLANG_WARN_BOOL_CONVERSION = YES;
				CLANG_WARN_COMMA = YES;
				CLANG_WARN_CONSTANT_CONVERSION = YES;
				CLANG_WARN_DEPRECATED_OBJC_IMPLEMENTATIONS = YES;
				CLANG_WARN_DIRECT_OBJC_ISA_USAGE = YES_ERROR;
				CLANG_WARN_DOCUMENTATION_COMMENTS = YES;
				CLANG_WARN_EMPTY_BODY = YES;
				CLANG_WARN_ENUM_CONVERSION = YES;
				CLANG_WARN_INFINITE_RECURSION = YES;
				CLANG_WARN_INT_CONVERSION = YES;
				CLANG_WARN_NON_LITERAL_NULL_CONVERSION = YES;
				CLANG_WARN_OBJC_IMPLICIT_RETAIN_SELF = YES;
				CLANG_WARN_OBJC_LITERAL_CONVERSION = YES;
				CLANG_WARN_OBJC_ROOT_CLASS = YES_ERROR;
				CLANG_WARN_QUOTED_INCLUDE_IN_FRAMEWORK_HEADER = YES;
				CLANG_WARN_RANGE_LOOP_ANALYSIS = YES;
				CLANG_WARN_STRICT_PROTOTYPES = YES;
				CLANG_WARN_SUSPICIOUS_MOVE = YES;
				CLANG_WARN_UNGUARDED_AVAILABILITY = YES_AGGRESSIVE;
				CLANG_WARN_UNREACHABLE_CODE = YES;
				CLANG_WARN__DUPLICATE_METHOD_MATCH = YES;
				COPY_PHASE_STRIP = NO;
				DEBUG_INFORMATION_FORMAT = dwarf;
				ENABLE_STRICT_OBJC_MSGSEND = YES;
				ENABLE_TESTABILITY = YES;
				ENABLE_USER_SCRIPT_SANDBOXING = YES;
				GCC_C_LANGUAGE_STANDARD = gnu17;
				GCC_DYNAMIC_NO_PIC = NO;
				GCC_NO_COMMON_BLOCKS = YES;
				GCC_OPTIMIZATION_LEVEL = 0;
				GCC_PREPROCESSOR_DEFINITIONS = (
					"DEBUG=1",
					"$(inherited)",
				);
				GCC_WARN_64_TO_32_BIT_CONVERSION = YES;
				GCC_WARN_ABOUT_RETURN_TYPE = YES_ERROR;
				GCC_WARN_UNDECLARED_SELECTOR = YES;
				GCC_WARN_UNINITIALIZED_AUTOS = YES_AGGRESSIVE;
				GCC_WARN_UNUSED_FUNCTION = YES;
				GCC_WARN_UNUSED_VARIABLE = YES;
				IPHONEOS_DEPLOYMENT_TARGET = 17.2;
				LOCALIZATION_PREFERS_STRING_CATALOGS = YES;
				MTL_ENABLE_DEBUG_INFO = INCLUDE_SOURCE;
				MTL_FAST_MATH = YES;
				ONLY_ACTIVE_ARCH = YES;
				SDKROOT = iphoneos;
				SWIFT_ACTIVE_COMPILATION_CONDITIONS = "DEBUG $(inherited)";
				SWIFT_OPTIMIZATION_LEVEL = "-Onone";
			};
			name = Debug;
		};
		C2E8C7CD2B6E9253003DE1AE /* Release */ = {
			isa = XCBuildConfiguration;
			buildSettings = {
				ALWAYS_SEARCH_USER_PATHS = NO;
				ASSETCATALOG_COMPILER_GENERATE_SWIFT_ASSET_SYMBOL_EXTENSIONS = YES;
				CLANG_ANALYZER_NONNULL = YES;
				CLANG_ANALYZER_NUMBER_OBJECT_CONVERSION = YES_AGGRESSIVE;
				CLANG_CXX_LANGUAGE_STANDARD = "gnu++20";
				CLANG_ENABLE_MODULES = YES;
				CLANG_ENABLE_OBJC_ARC = YES;
				CLANG_ENABLE_OBJC_WEAK = YES;
				CLANG_WARN_BLOCK_CAPTURE_AUTORELEASING = YES;
				CLANG_WARN_BOOL_CONVERSION = YES;
				CLANG_WARN_COMMA = YES;
				CLANG_WARN_CONSTANT_CONVERSION = YES;
				CLANG_WARN_DEPRECATED_OBJC_IMPLEMENTATIONS = YES;
				CLANG_WARN_DIRECT_OBJC_ISA_USAGE = YES_ERROR;
				CLANG_WARN_DOCUMENTATION_COMMENTS = YES;
				CLANG_WARN_EMPTY_BODY = YES;
				CLANG_WARN_ENUM_CONVERSION = YES;
				CLANG_WARN_INFINITE_RECURSION = YES;
				CLANG_WARN_INT_CONVERSION = YES;
				CLANG_WARN_NON_LITERAL_NULL_CONVERSION = YES;
				CLANG_WARN_OBJC_IMPLICIT_RETAIN_SELF = YES;
				CLANG_WARN_OBJC_LITERAL_CONVERSION = YES;
				CLANG_WARN_OBJC_ROOT_CLASS = YES_ERROR;
				CLANG_WARN_QUOTED_INCLUDE_IN_FRAMEWORK_HEADER = YES;
				CLANG_WARN_RANGE_LOOP_ANALYSIS = YES;
				CLANG_WARN_STRICT_PROTOTYPES = YES;
				CLANG_WARN_SUSPICIOUS_MOVE = YES;
				CLANG_WARN_UNGUARDED_AVAILABILITY = YES_AGGRESSIVE;
				CLANG_WARN_UNREACHABLE_CODE = YES;
				CLANG_WARN__DUPLICATE_METHOD_MATCH = YES;
				COPY_PHASE_STRIP = NO;
				DEBUG_INFORMATION_FORMAT = "dwarf-with-dsym";
				ENABLE_NS_ASSERTIONS = NO;
				ENABLE_STRICT_OBJC_MSGSEND = YES;
				ENABLE_USER_SCRIPT_SANDBOXING = YES;
				GCC_C_LANGUAGE_STANDARD = gnu17;
				GCC_NO_COMMON_BLOCKS = YES;
				GCC_WARN_64_TO_32_BIT_CONVERSION = YES;
				GCC_WARN_ABOUT_RETURN_TYPE = YES_ERROR;
				GCC_WARN_UNDECLARED_SELECTOR = YES;
				GCC_WARN_UNINITIALIZED_AUTOS = YES_AGGRESSIVE;
				GCC_WARN_UNUSED_FUNCTION = YES;
				GCC_WARN_UNUSED_VARIABLE = YES;
				IPHONEOS_DEPLOYMENT_TARGET = 17.2;
				LOCALIZATION_PREFERS_STRING_CATALOGS = YES;
				MTL_ENABLE_DEBUG_INFO = NO;
				MTL_FAST_MATH = YES;
				SDKROOT = iphoneos;
				SWIFT_COMPILATION_MODE = wholemodule;
				VALIDATE_PRODUCT = YES;
			};
			name = Release;
		};
		C2E8C7CF2B6E9253003DE1AE /* Debug */ = {
			isa = XCBuildConfiguration;
			buildSettings = {
				ASSETCATALOG_COMPILER_APPICON_NAME = AppIcon;
				ASSETCATALOG_COMPILER_GLOBAL_ACCENT_COLOR_NAME = AccentColor;
				CODE_SIGN_STYLE = Automatic;
				CURRENT_PROJECT_VERSION = 1;
				DEVELOPMENT_ASSET_PATHS = "\"FidoApp/Preview Content\"";
				DEVELOPMENT_TEAM = X82N4CHKBS;
				ENABLE_PREVIEWS = YES;
				GENERATE_INFOPLIST_FILE = YES;
				INFOPLIST_KEY_UIApplicationSceneManifest_Generation = YES;
				INFOPLIST_KEY_UIApplicationSupportsIndirectInputEvents = YES;
				INFOPLIST_KEY_UILaunchScreen_Generation = YES;
				INFOPLIST_KEY_UISupportedInterfaceOrientations_iPad = "UIInterfaceOrientationPortrait UIInterfaceOrientationPortraitUpsideDown UIInterfaceOrientationLandscapeLeft UIInterfaceOrientationLandscapeRight";
				INFOPLIST_KEY_UISupportedInterfaceOrientations_iPhone = "UIInterfaceOrientationPortrait UIInterfaceOrientationLandscapeLeft UIInterfaceOrientationLandscapeRight";
				LD_RUNPATH_SEARCH_PATHS = (
					"$(inherited)",
					"@executable_path/Frameworks",
				);
				MARKETING_VERSION = 1.0;
				PRODUCT_BUNDLE_IDENTIFIER = com.ananeto.FidoApp;
				PRODUCT_NAME = "$(TARGET_NAME)";
				SWIFT_EMIT_LOC_STRINGS = YES;
				SWIFT_VERSION = 5.0;
				TARGETED_DEVICE_FAMILY = "1,2";
			};
			name = Debug;
		};
		C2E8C7D02B6E9253003DE1AE /* Release */ = {
			isa = XCBuildConfiguration;
			buildSettings = {
				ASSETCATALOG_COMPILER_APPICON_NAME = AppIcon;
				ASSETCATALOG_COMPILER_GLOBAL_ACCENT_COLOR_NAME = AccentColor;
				CODE_SIGN_STYLE = Automatic;
				CURRENT_PROJECT_VERSION = 1;
				DEVELOPMENT_ASSET_PATHS = "\"FidoApp/Preview Content\"";
				DEVELOPMENT_TEAM = X82N4CHKBS;
				ENABLE_PREVIEWS = YES;
				GENERATE_INFOPLIST_FILE = YES;
				INFOPLIST_KEY_UIApplicationSceneManifest_Generation = YES;
				INFOPLIST_KEY_UIApplicationSupportsIndirectInputEvents = YES;
				INFOPLIST_KEY_UILaunchScreen_Generation = YES;
				INFOPLIST_KEY_UISupportedInterfaceOrientations_iPad = "UIInterfaceOrientationPortrait UIInterfaceOrientationPortraitUpsideDown UIInterfaceOrientationLandscapeLeft UIInterfaceOrientationLandscapeRight";
				INFOPLIST_KEY_UISupportedInterfaceOrientations_iPhone = "UIInterfaceOrientationPortrait UIInterfaceOrientationLandscapeLeft UIInterfaceOrientationLandscapeRight";
				LD_RUNPATH_SEARCH_PATHS = (
					"$(inherited)",
					"@executable_path/Frameworks",
				);
				MARKETING_VERSION = 1.0;
				PRODUCT_BUNDLE_IDENTIFIER = com.ananeto.FidoApp;
				PRODUCT_NAME = "$(TARGET_NAME)";
				SWIFT_EMIT_LOC_STRINGS = YES;
				SWIFT_VERSION = 5.0;
				TARGETED_DEVICE_FAMILY = "1,2";
			};
			name = Release;
		};
		C2E8C7D22B6E9253003DE1AE /* Debug */ = {
			isa = XCBuildConfiguration;
			buildSettings = {
				ALWAYS_EMBED_SWIFT_STANDARD_LIBRARIES = YES;
				BUNDLE_LOADER = "$(TEST_HOST)";
				CODE_SIGN_STYLE = Automatic;
				CURRENT_PROJECT_VERSION = 1;
				DEVELOPMENT_TEAM = X82N4CHKBS;
				GENERATE_INFOPLIST_FILE = YES;
				IPHONEOS_DEPLOYMENT_TARGET = 17.2;
				MARKETING_VERSION = 1.0;
				PRODUCT_BUNDLE_IDENTIFIER = com.ananeto.FidoAppTests;
				PRODUCT_NAME = "$(TARGET_NAME)";
				SWIFT_EMIT_LOC_STRINGS = NO;
				SWIFT_VERSION = 5.0;
				TARGETED_DEVICE_FAMILY = "1,2";
				TEST_HOST = "$(BUILT_PRODUCTS_DIR)/FidoApp.app/$(BUNDLE_EXECUTABLE_FOLDER_PATH)/FidoApp";
			};
			name = Debug;
		};
		C2E8C7D32B6E9253003DE1AE /* Release */ = {
			isa = XCBuildConfiguration;
			buildSettings = {
				ALWAYS_EMBED_SWIFT_STANDARD_LIBRARIES = YES;
				BUNDLE_LOADER = "$(TEST_HOST)";
				CODE_SIGN_STYLE = Automatic;
				CURRENT_PROJECT_VERSION = 1;
				DEVELOPMENT_TEAM = X82N4CHKBS;
				GENERATE_INFOPLIST_FILE = YES;
				IPHONEOS_DEPLOYMENT_TARGET = 17.2;
				MARKETING_VERSION = 1.0;
				PRODUCT_BUNDLE_IDENTIFIER = com.ananeto.FidoAppTests;
				PRODUCT_NAME = "$(TARGET_NAME)";
				SWIFT_EMIT_LOC_STRINGS = NO;
				SWIFT_VERSION = 5.0;
				TARGETED_DEVICE_FAMILY = "1,2";
				TEST_HOST = "$(BUILT_PRODUCTS_DIR)/FidoApp.app/$(BUNDLE_EXECUTABLE_FOLDER_PATH)/FidoApp";
			};
			name = Release;
		};
		C2E8C7D52B6E9253003DE1AE /* Debug */ = {
			isa = XCBuildConfiguration;
			buildSettings = {
				ALWAYS_EMBED_SWIFT_STANDARD_LIBRARIES = YES;
				CLANG_ENABLE_MODULES = YES;
				CODE_SIGN_STYLE = Automatic;
				CURRENT_PROJECT_VERSION = 1;
				DEVELOPMENT_TEAM = X82N4CHKBS;
				GENERATE_INFOPLIST_FILE = YES;
				MARKETING_VERSION = 1.0;
				PRODUCT_BUNDLE_IDENTIFIER = com.ananeto.FidoAppUITests;
				PRODUCT_NAME = "$(TARGET_NAME)";
				SWIFT_EMIT_LOC_STRINGS = NO;
				SWIFT_OPTIMIZATION_LEVEL = "-Onone";
				SWIFT_VERSION = 5.0;
				TARGETED_DEVICE_FAMILY = "1,2";
				TEST_TARGET_NAME = FidoApp;
			};
			name = Debug;
		};
		C2E8C7D62B6E9253003DE1AE /* Release */ = {
			isa = XCBuildConfiguration;
			buildSettings = {
				ALWAYS_EMBED_SWIFT_STANDARD_LIBRARIES = YES;
				CLANG_ENABLE_MODULES = YES;
				CODE_SIGN_STYLE = Automatic;
				CURRENT_PROJECT_VERSION = 1;
				DEVELOPMENT_TEAM = X82N4CHKBS;
				GENERATE_INFOPLIST_FILE = YES;
				MARKETING_VERSION = 1.0;
				PRODUCT_BUNDLE_IDENTIFIER = com.ananeto.FidoAppUITests;
				PRODUCT_NAME = "$(TARGET_NAME)";
				SWIFT_EMIT_LOC_STRINGS = NO;
				SWIFT_VERSION = 5.0;
				TARGETED_DEVICE_FAMILY = "1,2";
				TEST_TARGET_NAME = FidoApp;
			};
			name = Release;
		};
/* End XCBuildConfiguration section */

/* Begin XCConfigurationList section */
		C2E8C7A52B6E9251003DE1AE /* Build configuration list for PBXProject "FidoApp" */ = {
			isa = XCConfigurationList;
			buildConfigurations = (
				C2E8C7CC2B6E9253003DE1AE /* Debug */,
				C2E8C7CD2B6E9253003DE1AE /* Release */,
			);
			defaultConfigurationIsVisible = 0;
			defaultConfigurationName = Release;
		};
		C2E8C7CE2B6E9253003DE1AE /* Build configuration list for PBXNativeTarget "FidoApp" */ = {
			isa = XCConfigurationList;
			buildConfigurations = (
				C2E8C7CF2B6E9253003DE1AE /* Debug */,
				C2E8C7D02B6E9253003DE1AE /* Release */,
			);
			defaultConfigurationIsVisible = 0;
			defaultConfigurationName = Release;
		};
		C2E8C7D12B6E9253003DE1AE /* Build configuration list for PBXNativeTarget "FidoAppTests" */ = {
			isa = XCConfigurationList;
			buildConfigurations = (
				C2E8C7D22B6E9253003DE1AE /* Debug */,
				C2E8C7D32B6E9253003DE1AE /* Release */,
			);
			defaultConfigurationIsVisible = 0;
			defaultConfigurationName = Release;
		};
		C2E8C7D42B6E9253003DE1AE /* Build configuration list for PBXNativeTarget "FidoAppUITests" */ = {
			isa = XCConfigurationList;
			buildConfigurations = (
				C2E8C7D52B6E9253003DE1AE /* Debug */,
				C2E8C7D62B6E9253003DE1AE /* Release */,
			);
			defaultConfigurationIsVisible = 0;
			defaultConfigurationName = Release;
		};
/* End XCConfigurationList section */

/* Begin XCRemoteSwiftPackageReference section */
		C2D7A34A2B703C44001E2AC2 /* XCRemoteSwiftPackageReference "Kingfisher" */ = {
			isa = XCRemoteSwiftPackageReference;
			repositoryURL = "https://github.com/onevcat/Kingfisher.git";
			requirement = {
				kind = upToNextMajorVersion;
				minimumVersion = 7.10.2;
			};
		};
		C2EA43B82B6E9F3B00A5302A /* XCRemoteSwiftPackageReference "swift-composable-architecture" */ = {
			isa = XCRemoteSwiftPackageReference;
			repositoryURL = "https://github.com/pointfreeco/swift-composable-architecture";
			requirement = {
				kind = upToNextMajorVersion;
				minimumVersion = 1.7.2;
			};
		};
/* End XCRemoteSwiftPackageReference section */

/* Begin XCSwiftPackageProductDependency section */
		C2D7A34B2B703C44001E2AC2 /* Kingfisher */ = {
			isa = XCSwiftPackageProductDependency;
			package = C2D7A34A2B703C44001E2AC2 /* XCRemoteSwiftPackageReference "Kingfisher" */;
			productName = Kingfisher;
		};
		C2EA43B92B6E9F3B00A5302A /* ComposableArchitecture */ = {
			isa = XCSwiftPackageProductDependency;
			package = C2EA43B82B6E9F3B00A5302A /* XCRemoteSwiftPackageReference "swift-composable-architecture" */;
			productName = ComposableArchitecture;
		};
/* End XCSwiftPackageProductDependency section */
	};
	rootObject = C2E8C7A22B6E9251003DE1AE /* Project object */;
}
